
Microsoft Visual Studio Solution File, Format Version 12.00
# Visual Studio 15
VisualStudioVersion = 15.0.28010.2003
MinimumVisualStudioVersion = 10.0.40219.1
Project("{888888A0-9F3D-457C-B088-3A5042F75D52}") = "DLImage", "DLImage.pyproj", "{E276C553-EC6F-47F3-B648-145E2AEEE92C}"
EndProject
Global
	GlobalSection(SolutionConfigurationPlatforms) = preSolution
		Debug|Any CPU = Debug|Any CPU
		Release|Any CPU = Release|Any CPU
	EndGlobalSection
	GlobalSection(ProjectConfigurationPlatforms) = postSolution
		{E276C553-EC6F-47F3-B648-145E2AEEE92C}.Debug|Any CPU.ActiveCfg = Debug|Any CPU
		{E276C553-EC6F-47F3-B648-145E2AEEE92C}.Release|Any CPU.ActiveCfg = Release|Any CPU
	EndGlobalSection
	GlobalSection(SolutionProperties) = preSolution
		HideSolutionNode = FALSE
	EndGlobalSection
	GlobalSection(ExtensibilityGlobals) = postSolution
		SolutionGuid = {9B17113C-61CA-4066-8A2C-E52FD7A65559}
	EndGlobalSection
EndGlobal
